// !$*UTF8*$!
{
	archiveVersion = 1;
	classes = {
	};
	objectVersion = 56;
	objects = {

/* Begin PBXBuildFile section */
		BC6E389029F6EB52004548E8 /* ResortFeedbackApp.swift in Sources */ = {isa = PBXBuildFile; fileRef = BC6E388F29F6EB52004548E8 /* ResortFeedbackApp.swift */; };
		BC6E389229F6EB52004548E8 /* Persistence.swift in Sources */ = {isa = PBXBuildFile; fileRef = BC6E389129F6EB52004548E8 /* Persistence.swift */; };
		BC6E389529F6EB52004548E8 /* ResortFeedbackApp.xcdatamodeld in Sources */ = {isa = PBXBuildFile; fileRef = BC6E389329F6EB52004548E8 /* ResortFeedbackApp.xcdatamodeld */; };
		BC6E389929F6EB53004548E8 /* Assets.xcassets in Resources */ = {isa = PBXBuildFile; fileRef = BC6E389829F6EB53004548E8 /* Assets.xcassets */; };
		BC6E389D29F6EB53004548E8 /* Preview Assets.xcassets in Resources */ = {isa = PBXBuildFile; fileRef = BC6E389C29F6EB53004548E8 /* Preview Assets.xcassets */; };
		BC6E38A729F6EB53004548E8 /* ResortFeedbackAppTests.swift in Sources */ = {isa = PBXBuildFile; fileRef = BC6E38A629F6EB53004548E8 /* ResortFeedbackAppTests.swift */; };
		BC6E38B129F6EB53004548E8 /* ResortFeedbackAppUITests.swift in Sources */ = {isa = PBXBuildFile; fileRef = BC6E38B029F6EB53004548E8 /* ResortFeedbackAppUITests.swift */; };
		BC6E38B329F6EB53004548E8 /* ResortFeedbackAppUITestsLaunchTests.swift in Sources */ = {isa = PBXBuildFile; fileRef = BC6E38B229F6EB53004548E8 /* ResortFeedbackAppUITestsLaunchTests.swift */; };
		BC6E38C129F6EEE6004548E8 /* LoginView.swift in Sources */ = {isa = PBXBuildFile; fileRef = BC6E38C029F6EEE6004548E8 /* LoginView.swift */; };
		BC6E38C329F6EF0F004548E8 /* LoginViewModel.swift in Sources */ = {isa = PBXBuildFile; fileRef = BC6E38C229F6EF0F004548E8 /* LoginViewModel.swift */; };
		BC6E38C629F6EFA8004548E8 /* ObjectMapper in Frameworks */ = {isa = PBXBuildFile; productRef = BC6E38C529F6EFA8004548E8 /* ObjectMapper */; };
		BC6E38CC29F6F003004548E8 /* APIService.swift in Sources */ = {isa = PBXBuildFile; fileRef = BC6E38C929F6F003004548E8 /* APIService.swift */; };
		BC6E38CD29F6F003004548E8 /* GraphQLAPI.swift in Sources */ = {isa = PBXBuildFile; fileRef = BC6E38CA29F6F003004548E8 /* GraphQLAPI.swift */; };
		BC6E38CE29F6F003004548E8 /* EndpointsUtil.swift in Sources */ = {isa = PBXBuildFile; fileRef = BC6E38CB29F6F003004548E8 /* EndpointsUtil.swift */; };
		BC6E38D129F6F4DF004548E8 /* AWSAppSync in Frameworks */ = {isa = PBXBuildFile; productRef = BC6E38D029F6F4DF004548E8 /* AWSAppSync */; };
		BC6E38D429F6F5BE004548E8 /* DataModel.swift in Sources */ = {isa = PBXBuildFile; fileRef = BC6E38D329F6F5BE004548E8 /* DataModel.swift */; };
		BC6E38D629F6F606004548E8 /* AppState.swift in Sources */ = {isa = PBXBuildFile; fileRef = BC6E38D529F6F606004548E8 /* AppState.swift */; };
		BC6E38DE29F6F8FA004548E8 /* DashboardView.swift in Sources */ = {isa = PBXBuildFile; fileRef = BC6E38DD29F6F8FA004548E8 /* DashboardView.swift */; };
/* End PBXBuildFile section */

/* Begin PBXContainerItemProxy section */
		BC6E38A329F6EB53004548E8 /* PBXContainerItemProxy */ = {
			isa = PBXContainerItemProxy;
			containerPortal = BC6E388429F6EB52004548E8 /* Project object */;
			proxyType = 1;
			remoteGlobalIDString = BC6E388B29F6EB52004548E8;
			remoteInfo = ResortFeedbackApp;
		};
		BC6E38AD29F6EB53004548E8 /* PBXContainerItemProxy */ = {
			isa = PBXContainerItemProxy;
			containerPortal = BC6E388429F6EB52004548E8 /* Project object */;
			proxyType = 1;
			remoteGlobalIDString = BC6E388B29F6EB52004548E8;
			remoteInfo = ResortFeedbackApp;
		};
/* End PBXContainerItemProxy section */

/* Begin PBXFileReference section */
		BC6E388C29F6EB52004548E8 /* ResortFeedbackApp.app */ = {isa = PBXFileReference; explicitFileType = wrapper.application; includeInIndex = 0; path = ResortFeedbackApp.app; sourceTree = BUILT_PRODUCTS_DIR; };
		BC6E388F29F6EB52004548E8 /* ResortFeedbackApp.swift */ = {isa = PBXFileReference; lastKnownFileType = sourcecode.swift; path = ResortFeedbackApp.swift; sourceTree = "<group>"; };
		BC6E389129F6EB52004548E8 /* Persistence.swift */ = {isa = PBXFileReference; lastKnownFileType = sourcecode.swift; path = Persistence.swift; sourceTree = "<group>"; };
		BC6E389429F6EB52004548E8 /* ResortFeedbackApp.xcdatamodel */ = {isa = PBXFileReference; lastKnownFileType = wrapper.xcdatamodel; path = ResortFeedbackApp.xcdatamodel; sourceTree = "<group>"; };
		BC6E389829F6EB53004548E8 /* Assets.xcassets */ = {isa = PBXFileReference; lastKnownFileType = folder.assetcatalog; path = Assets.xcassets; sourceTree = "<group>"; };
		BC6E389A29F6EB53004548E8 /* ResortFeedbackApp.entitlements */ = {isa = PBXFileReference; lastKnownFileType = text.plist.entitlements; path = ResortFeedbackApp.entitlements; sourceTree = "<group>"; };
		BC6E389C29F6EB53004548E8 /* Preview Assets.xcassets */ = {isa = PBXFileReference; lastKnownFileType = folder.assetcatalog; path = "Preview Assets.xcassets"; sourceTree = "<group>"; };
		BC6E38A229F6EB53004548E8 /* ResortFeedbackAppTests.xctest */ = {isa = PBXFileReference; explicitFileType = wrapper.cfbundle; includeInIndex = 0; path = ResortFeedbackAppTests.xctest; sourceTree = BUILT_PRODUCTS_DIR; };
		BC6E38A629F6EB53004548E8 /* ResortFeedbackAppTests.swift */ = {isa = PBXFileReference; lastKnownFileType = sourcecode.swift; path = ResortFeedbackAppTests.swift; sourceTree = "<group>"; };
		BC6E38AC29F6EB53004548E8 /* ResortFeedbackAppUITests.xctest */ = {isa = PBXFileReference; explicitFileType = wrapper.cfbundle; includeInIndex = 0; path = ResortFeedbackAppUITests.xctest; sourceTree = BUILT_PRODUCTS_DIR; };
		BC6E38B029F6EB53004548E8 /* ResortFeedbackAppUITests.swift */ = {isa = PBXFileReference; lastKnownFileType = sourcecode.swift; path = ResortFeedbackAppUITests.swift; sourceTree = "<group>"; };
		BC6E38B229F6EB53004548E8 /* ResortFeedbackAppUITestsLaunchTests.swift */ = {isa = PBXFileReference; lastKnownFileType = sourcecode.swift; path = ResortFeedbackAppUITestsLaunchTests.swift; sourceTree = "<group>"; };
		BC6E38C029F6EEE6004548E8 /* LoginView.swift */ = {isa = PBXFileReference; lastKnownFileType = sourcecode.swift; path = LoginView.swift; sourceTree = "<group>"; };
		BC6E38C229F6EF0F004548E8 /* LoginViewModel.swift */ = {isa = PBXFileReference; lastKnownFileType = sourcecode.swift; path = LoginViewModel.swift; sourceTree = "<group>"; };
		BC6E38C929F6F003004548E8 /* APIService.swift */ = {isa = PBXFileReference; fileEncoding = 4; lastKnownFileType = sourcecode.swift; path = APIService.swift; sourceTree = "<group>"; };
		BC6E38CA29F6F003004548E8 /* GraphQLAPI.swift */ = {isa = PBXFileReference; fileEncoding = 4; lastKnownFileType = sourcecode.swift; path = GraphQLAPI.swift; sourceTree = "<group>"; };
		BC6E38CB29F6F003004548E8 /* EndpointsUtil.swift */ = {isa = PBXFileReference; fileEncoding = 4; lastKnownFileType = sourcecode.swift; path = EndpointsUtil.swift; sourceTree = "<group>"; };
		BC6E38D329F6F5BE004548E8 /* DataModel.swift */ = {isa = PBXFileReference; fileEncoding = 4; lastKnownFileType = sourcecode.swift; path = DataModel.swift; sourceTree = "<group>"; };
		BC6E38D529F6F606004548E8 /* AppState.swift */ = {isa = PBXFileReference; fileEncoding = 4; lastKnownFileType = sourcecode.swift; path = AppState.swift; sourceTree = "<group>"; };
		BC6E38DD29F6F8FA004548E8 /* DashboardView.swift */ = {isa = PBXFileReference; lastKnownFileType = sourcecode.swift; path = DashboardView.swift; sourceTree = "<group>"; };
/* End PBXFileReference section */

/* Begin PBXFrameworksBuildPhase section */
		BC6E388929F6EB52004548E8 /* Frameworks */ = {
			isa = PBXFrameworksBuildPhase;
			buildActionMask = 2147483647;
			files = (
				BC6E38C629F6EFA8004548E8 /* ObjectMapper in Frameworks */,
				BC6E38D129F6F4DF004548E8 /* AWSAppSync in Frameworks */,
			);
			runOnlyForDeploymentPostprocessing = 0;
		};
		BC6E389F29F6EB53004548E8 /* Frameworks */ = {
			isa = PBXFrameworksBuildPhase;
			buildActionMask = 2147483647;
			files = (
			);
			runOnlyForDeploymentPostprocessing = 0;
		};
		BC6E38A929F6EB53004548E8 /* Frameworks */ = {
			isa = PBXFrameworksBuildPhase;
			buildActionMask = 2147483647;
			files = (
			);
			runOnlyForDeploymentPostprocessing = 0;
		};
/* End PBXFrameworksBuildPhase section */

/* Begin PBXGroup section */
		BC6E388329F6EB52004548E8 = {
			isa = PBXGroup;
			children = (
				BC6E388E29F6EB52004548E8 /* ResortFeedbackApp */,
				BC6E38A529F6EB53004548E8 /* ResortFeedbackAppTests */,
				BC6E38AF29F6EB53004548E8 /* ResortFeedbackAppUITests */,
				BC6E388D29F6EB52004548E8 /* Products */,
			);
			sourceTree = "<group>";
		};
		BC6E388D29F6EB52004548E8 /* Products */ = {
			isa = PBXGroup;
			children = (
				BC6E388C29F6EB52004548E8 /* ResortFeedbackApp.app */,
				BC6E38A229F6EB53004548E8 /* ResortFeedbackAppTests.xctest */,
				BC6E38AC29F6EB53004548E8 /* ResortFeedbackAppUITests.xctest */,
			);
			name = Products;
			sourceTree = "<group>";
		};
		BC6E388E29F6EB52004548E8 /* ResortFeedbackApp */ = {
			isa = PBXGroup;
			children = (
				BC6E38DC29F6F8E4004548E8 /* DashboardView */,
				BC6E38D229F6F5BE004548E8 /* Model */,
				BC6E38C829F6F003004548E8 /* Services */,
				BC6E38BF29F6EED8004548E8 /* LoginView */,
				BC6E388F29F6EB52004548E8 /* ResortFeedbackApp.swift */,
				BC6E38D529F6F606004548E8 /* AppState.swift */,
				BC6E389129F6EB52004548E8 /* Persistence.swift */,
				BC6E389829F6EB53004548E8 /* Assets.xcassets */,
				BC6E389A29F6EB53004548E8 /* ResortFeedbackApp.entitlements */,
				BC6E389329F6EB52004548E8 /* ResortFeedbackApp.xcdatamodeld */,
				BC6E389B29F6EB53004548E8 /* Preview Content */,
			);
			path = ResortFeedbackApp;
			sourceTree = "<group>";
		};
		BC6E389B29F6EB53004548E8 /* Preview Content */ = {
			isa = PBXGroup;
			children = (
				BC6E389C29F6EB53004548E8 /* Preview Assets.xcassets */,
			);
			path = "Preview Content";
			sourceTree = "<group>";
		};
		BC6E38A529F6EB53004548E8 /* ResortFeedbackAppTests */ = {
			isa = PBXGroup;
			children = (
				BC6E38A629F6EB53004548E8 /* ResortFeedbackAppTests.swift */,
			);
			path = ResortFeedbackAppTests;
			sourceTree = "<group>";
		};
		BC6E38AF29F6EB53004548E8 /* ResortFeedbackAppUITests */ = {
			isa = PBXGroup;
			children = (
				BC6E38B029F6EB53004548E8 /* ResortFeedbackAppUITests.swift */,
				BC6E38B229F6EB53004548E8 /* ResortFeedbackAppUITestsLaunchTests.swift */,
			);
			path = ResortFeedbackAppUITests;
			sourceTree = "<group>";
		};
		BC6E38BF29F6EED8004548E8 /* LoginView */ = {
			isa = PBXGroup;
			children = (
				BC6E38C029F6EEE6004548E8 /* LoginView.swift */,
				BC6E38C229F6EF0F004548E8 /* LoginViewModel.swift */,
			);
			path = LoginView;
			sourceTree = "<group>";
		};
		BC6E38C829F6F003004548E8 /* Services */ = {
			isa = PBXGroup;
			children = (
				BC6E38C929F6F003004548E8 /* APIService.swift */,
				BC6E38CA29F6F003004548E8 /* GraphQLAPI.swift */,
				BC6E38CB29F6F003004548E8 /* EndpointsUtil.swift */,
			);
			path = Services;
			sourceTree = "<group>";
		};
		BC6E38D229F6F5BE004548E8 /* Model */ = {
			isa = PBXGroup;
			children = (
				BC6E38D329F6F5BE004548E8 /* DataModel.swift */,
			);
			path = Model;
			sourceTree = "<group>";
		};
		BC6E38DC29F6F8E4004548E8 /* DashboardView */ = {
			isa = PBXGroup;
			children = (
				BC6E38DD29F6F8FA004548E8 /* DashboardView.swift */,
			);
			path = DashboardView;
			sourceTree = "<group>";
		};
/* End PBXGroup section */

/* Begin PBXNativeTarget section */
		BC6E388B29F6EB52004548E8 /* ResortFeedbackApp */ = {
			isa = PBXNativeTarget;
			buildConfigurationList = BC6E38B629F6EB53004548E8 /* Build configuration list for PBXNativeTarget "ResortFeedbackApp" */;
			buildPhases = (
				BC6E388829F6EB52004548E8 /* Sources */,
				BC6E388929F6EB52004548E8 /* Frameworks */,
				BC6E388A29F6EB52004548E8 /* Resources */,
			);
			buildRules = (
			);
			dependencies = (
			);
			name = ResortFeedbackApp;
			packageProductDependencies = (
				BC6E38C529F6EFA8004548E8 /* ObjectMapper */,
				BC6E38D029F6F4DF004548E8 /* AWSAppSync */,
			);
			productName = ResortFeedbackApp;
			productReference = BC6E388C29F6EB52004548E8 /* ResortFeedbackApp.app */;
			productType = "com.apple.product-type.application";
		};
		BC6E38A129F6EB53004548E8 /* ResortFeedbackAppTests */ = {
			isa = PBXNativeTarget;
			buildConfigurationList = BC6E38B929F6EB53004548E8 /* Build configuration list for PBXNativeTarget "ResortFeedbackAppTests" */;
			buildPhases = (
				BC6E389E29F6EB53004548E8 /* Sources */,
				BC6E389F29F6EB53004548E8 /* Frameworks */,
				BC6E38A029F6EB53004548E8 /* Resources */,
			);
			buildRules = (
			);
			dependencies = (
				BC6E38A429F6EB53004548E8 /* PBXTargetDependency */,
			);
			name = ResortFeedbackAppTests;
			productName = ResortFeedbackAppTests;
			productReference = BC6E38A229F6EB53004548E8 /* ResortFeedbackAppTests.xctest */;
			productType = "com.apple.product-type.bundle.unit-test";
		};
		BC6E38AB29F6EB53004548E8 /* ResortFeedbackAppUITests */ = {
			isa = PBXNativeTarget;
			buildConfigurationList = BC6E38BC29F6EB53004548E8 /* Build configuration list for PBXNativeTarget "ResortFeedbackAppUITests" */;
			buildPhases = (
				BC6E38A829F6EB53004548E8 /* Sources */,
				BC6E38A929F6EB53004548E8 /* Frameworks */,
				BC6E38AA29F6EB53004548E8 /* Resources */,
			);
			buildRules = (
			);
			dependencies = (
				BC6E38AE29F6EB53004548E8 /* PBXTargetDependency */,
			);
			name = ResortFeedbackAppUITests;
			productName = ResortFeedbackAppUITests;
			productReference = BC6E38AC29F6EB53004548E8 /* ResortFeedbackAppUITests.xctest */;
			productType = "com.apple.product-type.bundle.ui-testing";
		};
/* End PBXNativeTarget section */

/* Begin PBXProject section */
		BC6E388429F6EB52004548E8 /* Project object */ = {
			isa = PBXProject;
			attributes = {
				BuildIndependentTargetsInParallel = 1;
				LastSwiftUpdateCheck = 1430;
				LastUpgradeCheck = 1430;
				TargetAttributes = {
					BC6E388B29F6EB52004548E8 = {
						CreatedOnToolsVersion = 14.3;
					};
					BC6E38A129F6EB53004548E8 = {
						CreatedOnToolsVersion = 14.3;
						TestTargetID = BC6E388B29F6EB52004548E8;
					};
					BC6E38AB29F6EB53004548E8 = {
						CreatedOnToolsVersion = 14.3;
						TestTargetID = BC6E388B29F6EB52004548E8;
					};
				};
			};
			buildConfigurationList = BC6E388729F6EB52004548E8 /* Build configuration list for PBXProject "ResortFeedbackApp" */;
			compatibilityVersion = "Xcode 14.0";
			developmentRegion = en;
			hasScannedForEncodings = 0;
			knownRegions = (
				en,
				Base,
			);
			mainGroup = BC6E388329F6EB52004548E8;
			packageReferences = (
				BC6E38C429F6EFA8004548E8 /* XCRemoteSwiftPackageReference "ObjectMapper" */,
				BC6E38CF29F6F4DF004548E8 /* XCRemoteSwiftPackageReference "aws-mobile-appsync-sdk-ios" */,
			);
			productRefGroup = BC6E388D29F6EB52004548E8 /* Products */;
			projectDirPath = "";
			projectRoot = "";
			targets = (
				BC6E388B29F6EB52004548E8 /* ResortFeedbackApp */,
				BC6E38A129F6EB53004548E8 /* ResortFeedbackAppTests */,
				BC6E38AB29F6EB53004548E8 /* ResortFeedbackAppUITests */,
			);
		};
/* End PBXProject section */

/* Begin PBXResourcesBuildPhase section */
		BC6E388A29F6EB52004548E8 /* Resources */ = {
			isa = PBXResourcesBuildPhase;
			buildActionMask = 2147483647;
			files = (
				BC6E389D29F6EB53004548E8 /* Preview Assets.xcassets in Resources */,
				BC6E389929F6EB53004548E8 /* Assets.xcassets in Resources */,
			);
			runOnlyForDeploymentPostprocessing = 0;
		};
		BC6E38A029F6EB53004548E8 /* Resources */ = {
			isa = PBXResourcesBuildPhase;
			buildActionMask = 2147483647;
			files = (
			);
			runOnlyForDeploymentPostprocessing = 0;
		};
		BC6E38AA29F6EB53004548E8 /* Resources */ = {
			isa = PBXResourcesBuildPhase;
			buildActionMask = 2147483647;
			files = (
			);
			runOnlyForDeploymentPostprocessing = 0;
		};
/* End PBXResourcesBuildPhase section */

/* Begin PBXSourcesBuildPhase section */
		BC6E388829F6EB52004548E8 /* Sources */ = {
			isa = PBXSourcesBuildPhase;
			buildActionMask = 2147483647;
			files = (
				BC6E389529F6EB52004548E8 /* ResortFeedbackApp.xcdatamodeld in Sources */,
				BC6E38DE29F6F8FA004548E8 /* DashboardView.swift in Sources */,
				BC6E38CC29F6F003004548E8 /* APIService.swift in Sources */,
				BC6E389029F6EB52004548E8 /* ResortFeedbackApp.swift in Sources */,
				BC6E38C329F6EF0F004548E8 /* LoginViewModel.swift in Sources */,
				BC6E38CD29F6F003004548E8 /* GraphQLAPI.swift in Sources */,
				BC6E38D429F6F5BE004548E8 /* DataModel.swift in Sources */,
				BC6E38D629F6F606004548E8 /* AppState.swift in Sources */,
				BC6E38CE29F6F003004548E8 /* EndpointsUtil.swift in Sources */,
				BC6E38C129F6EEE6004548E8 /* LoginView.swift in Sources */,
				BC6E389229F6EB52004548E8 /* Persistence.swift in Sources */,
			);
			runOnlyForDeploymentPostprocessing = 0;
		};
		BC6E389E29F6EB53004548E8 /* Sources */ = {
			isa = PBXSourcesBuildPhase;
			buildActionMask = 2147483647;
			files = (
				BC6E38A729F6EB53004548E8 /* ResortFeedbackAppTests.swift in Sources */,
			);
			runOnlyForDeploymentPostprocessing = 0;
		};
		BC6E38A829F6EB53004548E8 /* Sources */ = {
			isa = PBXSourcesBuildPhase;
			buildActionMask = 2147483647;
			files = (
				BC6E38B329F6EB53004548E8 /* ResortFeedbackAppUITestsLaunchTests.swift in Sources */,
				BC6E38B129F6EB53004548E8 /* ResortFeedbackAppUITests.swift in Sources */,
			);
			runOnlyForDeploymentPostprocessing = 0;
		};
/* End PBXSourcesBuildPhase section */

/* Begin PBXTargetDependency section */
		BC6E38A429F6EB53004548E8 /* PBXTargetDependency */ = {
			isa = PBXTargetDependency;
			target = BC6E388B29F6EB52004548E8 /* ResortFeedbackApp */;
			targetProxy = BC6E38A329F6EB53004548E8 /* PBXContainerItemProxy */;
		};
		BC6E38AE29F6EB53004548E8 /* PBXTargetDependency */ = {
			isa = PBXTargetDependency;
			target = BC6E388B29F6EB52004548E8 /* ResortFeedbackApp */;
			targetProxy = BC6E38AD29F6EB53004548E8 /* PBXContainerItemProxy */;
		};
/* End PBXTargetDependency section */

/* Begin XCBuildConfiguration section */
		BC6E38B429F6EB53004548E8 /* Debug */ = {
			isa = XCBuildConfiguration;
			buildSettings = {
				ALWAYS_SEARCH_USER_PATHS = NO;
				CLANG_ANALYZER_NONNULL = YES;
				CLANG_ANALYZER_NUMBER_OBJECT_CONVERSION = YES_AGGRESSIVE;
				CLANG_CXX_LANGUAGE_STANDARD = "gnu++20";
				CLANG_ENABLE_MODULES = YES;
				CLANG_ENABLE_OBJC_ARC = YES;
				CLANG_ENABLE_OBJC_WEAK = YES;
				CLANG_WARN_BLOCK_CAPTURE_AUTORELEASING = YES;
				CLANG_WARN_BOOL_CONVERSION = YES;
				CLANG_WARN_COMMA = YES;
				CLANG_WARN_CONSTANT_CONVERSION = YES;
				CLANG_WARN_DEPRECATED_OBJC_IMPLEMENTATIONS = YES;
				CLANG_WARN_DIRECT_OBJC_ISA_USAGE = YES_ERROR;
				CLANG_WARN_DOCUMENTATION_COMMENTS = YES;
				CLANG_WARN_EMPTY_BODY = YES;
				CLANG_WARN_ENUM_CONVERSION = YES;
				CLANG_WARN_INFINITE_RECURSION = YES;
				CLANG_WARN_INT_CONVERSION = YES;
				CLANG_WARN_NON_LITERAL_NULL_CONVERSION = YES;
				CLANG_WARN_OBJC_IMPLICIT_RETAIN_SELF = YES;
				CLANG_WARN_OBJC_LITERAL_CONVERSION = YES;
				CLANG_WARN_OBJC_ROOT_CLASS = YES_ERROR;
				CLANG_WARN_QUOTED_INCLUDE_IN_FRAMEWORK_HEADER = YES;
				CLANG_WARN_RANGE_LOOP_ANALYSIS = YES;
				CLANG_WARN_STRICT_PROTOTYPES = YES;
				CLANG_WARN_SUSPICIOUS_MOVE = YES;
				CLANG_WARN_UNGUARDED_AVAILABILITY = YES_AGGRESSIVE;
				CLANG_WARN_UNREACHABLE_CODE = YES;
				CLANG_WARN__DUPLICATE_METHOD_MATCH = YES;
				COPY_PHASE_STRIP = NO;
				DEBUG_INFORMATION_FORMAT = dwarf;
				ENABLE_STRICT_OBJC_MSGSEND = YES;
				ENABLE_TESTABILITY = YES;
				GCC_C_LANGUAGE_STANDARD = gnu11;
				GCC_DYNAMIC_NO_PIC = NO;
				GCC_NO_COMMON_BLOCKS = YES;
				GCC_OPTIMIZATION_LEVEL = 0;
				GCC_PREPROCESSOR_DEFINITIONS = (
					"DEBUG=1",
					"$(inherited)",
				);
				GCC_WARN_64_TO_32_BIT_CONVERSION = YES;
				GCC_WARN_ABOUT_RETURN_TYPE = YES_ERROR;
				GCC_WARN_UNDECLARED_SELECTOR = YES;
				GCC_WARN_UNINITIALIZED_AUTOS = YES_AGGRESSIVE;
				GCC_WARN_UNUSED_FUNCTION = YES;
				GCC_WARN_UNUSED_VARIABLE = YES;
				MTL_ENABLE_DEBUG_INFO = INCLUDE_SOURCE;
				MTL_FAST_MATH = YES;
				ONLY_ACTIVE_ARCH = YES;
				SWIFT_ACTIVE_COMPILATION_CONDITIONS = DEBUG;
				SWIFT_OPTIMIZATION_LEVEL = "-Onone";
			};
			name = Debug;
		};
		BC6E38B529F6EB53004548E8 /* Release */ = {
			isa = XCBuildConfiguration;
			buildSettings = {
				ALWAYS_SEARCH_USER_PATHS = NO;
				CLANG_ANALYZER_NONNULL = YES;
				CLANG_ANALYZER_NUMBER_OBJECT_CONVERSION = YES_AGGRESSIVE;
				CLANG_CXX_LANGUAGE_STANDARD = "gnu++20";
				CLANG_ENABLE_MODULES = YES;
				CLANG_ENABLE_OBJC_ARC = YES;
				CLANG_ENABLE_OBJC_WEAK = YES;
				CLANG_WARN_BLOCK_CAPTURE_AUTORELEASING = YES;
				CLANG_WARN_BOOL_CONVERSION = YES;
				CLANG_WARN_COMMA = YES;
				CLANG_WARN_CONSTANT_CONVERSION = YES;
				CLANG_WARN_DEPRECATED_OBJC_IMPLEMENTATIONS = YES;
				CLANG_WARN_DIRECT_OBJC_ISA_USAGE = YES_ERROR;
				CLANG_WARN_DOCUMENTATION_COMMENTS = YES;
				CLANG_WARN_EMPTY_BODY = YES;
				CLANG_WARN_ENUM_CONVERSION = YES;
				CLANG_WARN_INFINITE_RECURSION = YES;
				CLANG_WARN_INT_CONVERSION = YES;
				CLANG_WARN_NON_LITERAL_NULL_CONVERSION = YES;
				CLANG_WARN_OBJC_IMPLICIT_RETAIN_SELF = YES;
				CLANG_WARN_OBJC_LITERAL_CONVERSION = YES;
				CLANG_WARN_OBJC_ROOT_CLASS = YES_ERROR;
				CLANG_WARN_QUOTED_INCLUDE_IN_FRAMEWORK_HEADER = YES;
				CLANG_WARN_RANGE_LOOP_ANALYSIS = YES;
				CLANG_WARN_STRICT_PROTOTYPES = YES;
				CLANG_WARN_SUSPICIOUS_MOVE = YES;
				CLANG_WARN_UNGUARDED_AVAILABILITY = YES_AGGRESSIVE;
				CLANG_WARN_UNREACHABLE_CODE = YES;
				CLANG_WARN__DUPLICATE_METHOD_MATCH = YES;
				COPY_PHASE_STRIP = NO;
				DEBUG_INFORMATION_FORMAT = "dwarf-with-dsym";
				ENABLE_NS_ASSERTIONS = NO;
				ENABLE_STRICT_OBJC_MSGSEND = YES;
				GCC_C_LANGUAGE_STANDARD = gnu11;
				GCC_NO_COMMON_BLOCKS = YES;
				GCC_WARN_64_TO_32_BIT_CONVERSION = YES;
				GCC_WARN_ABOUT_RETURN_TYPE = YES_ERROR;
				GCC_WARN_UNDECLARED_SELECTOR = YES;
				GCC_WARN_UNINITIALIZED_AUTOS = YES_AGGRESSIVE;
				GCC_WARN_UNUSED_FUNCTION = YES;
				GCC_WARN_UNUSED_VARIABLE = YES;
				MTL_ENABLE_DEBUG_INFO = NO;
				MTL_FAST_MATH = YES;
				SWIFT_COMPILATION_MODE = wholemodule;
				SWIFT_OPTIMIZATION_LEVEL = "-O";
			};
			name = Release;
		};
		BC6E38B729F6EB53004548E8 /* Debug */ = {
			isa = XCBuildConfiguration;
			buildSettings = {
				ASSETCATALOG_COMPILER_APPICON_NAME = AppIcon;
				ASSETCATALOG_COMPILER_GLOBAL_ACCENT_COLOR_NAME = AccentColor;
				CODE_SIGN_ENTITLEMENTS = ResortFeedbackApp/ResortFeedbackApp.entitlements;
				CODE_SIGN_STYLE = Automatic;
				CURRENT_PROJECT_VERSION = 1;
				DEVELOPMENT_ASSET_PATHS = "\"ResortFeedbackApp/Preview Content\"";
				DEVELOPMENT_TEAM = RB4NL6J4U2;
				ENABLE_HARDENED_RUNTIME = YES;
				ENABLE_PREVIEWS = YES;
				GENERATE_INFOPLIST_FILE = YES;
				"INFOPLIST_KEY_UIApplicationSceneManifest_Generation[sdk=iphoneos*]" = YES;
				"INFOPLIST_KEY_UIApplicationSceneManifest_Generation[sdk=iphonesimulator*]" = YES;
				"INFOPLIST_KEY_UIApplicationSupportsIndirectInputEvents[sdk=iphoneos*]" = YES;
				"INFOPLIST_KEY_UIApplicationSupportsIndirectInputEvents[sdk=iphonesimulator*]" = YES;
				"INFOPLIST_KEY_UILaunchScreen_Generation[sdk=iphoneos*]" = YES;
				"INFOPLIST_KEY_UILaunchScreen_Generation[sdk=iphonesimulator*]" = YES;
				"INFOPLIST_KEY_UIStatusBarStyle[sdk=iphoneos*]" = UIStatusBarStyleDefault;
				"INFOPLIST_KEY_UIStatusBarStyle[sdk=iphonesimulator*]" = UIStatusBarStyleDefault;
				INFOPLIST_KEY_UISupportedInterfaceOrientations_iPad = "UIInterfaceOrientationPortrait UIInterfaceOrientationPortraitUpsideDown UIInterfaceOrientationLandscapeLeft UIInterfaceOrientationLandscapeRight";
				INFOPLIST_KEY_UISupportedInterfaceOrientations_iPhone = "UIInterfaceOrientationPortrait UIInterfaceOrientationLandscapeLeft UIInterfaceOrientationLandscapeRight";
				IPHONEOS_DEPLOYMENT_TARGET = 16.4;
				LD_RUNPATH_SEARCH_PATHS = "@executable_path/Frameworks";
				"LD_RUNPATH_SEARCH_PATHS[sdk=macosx*]" = "@executable_path/../Frameworks";
				MACOSX_DEPLOYMENT_TARGET = 13.3;
				MARKETING_VERSION = 1.0;
				PRODUCT_BUNDLE_IDENTIFIER = com.kirtlandross.ResortFeedbackApp;
				PRODUCT_NAME = "$(TARGET_NAME)";
				SDKROOT = auto;
				SUPPORTED_PLATFORMS = "iphoneos iphonesimulator macosx";
				SWIFT_EMIT_LOC_STRINGS = YES;
				SWIFT_VERSION = 5.0;
				TARGETED_DEVICE_FAMILY = "1,2";
			};
			name = Debug;
		};
		BC6E38B829F6EB53004548E8 /* Release */ = {
			isa = XCBuildConfiguration;
			buildSettings = {
				ASSETCATALOG_COMPILER_APPICON_NAME = AppIcon;
				ASSETCATALOG_COMPILER_GLOBAL_ACCENT_COLOR_NAME = AccentColor;
				CODE_SIGN_ENTITLEMENTS = ResortFeedbackApp/ResortFeedbackApp.entitlements;
				CODE_SIGN_STYLE = Automatic;
				CURRENT_PROJECT_VERSION = 1;
				DEVELOPMENT_ASSET_PATHS = "\"ResortFeedbackApp/Preview Content\"";
				DEVELOPMENT_TEAM = RB4NL6J4U2;
				ENABLE_HARDENED_RUNTIME = YES;
				ENABLE_PREVIEWS = YES;
				GENERATE_INFOPLIST_FILE = YES;
				"INFOPLIST_KEY_UIApplicationSceneManifest_Generation[sdk=iphoneos*]" = YES;
				"INFOPLIST_KEY_UIApplicationSceneManifest_Generation[sdk=iphonesimulator*]" = YES;
				"INFOPLIST_KEY_UIApplicationSupportsIndirectInputEvents[sdk=iphoneos*]" = YES;
				"INFOPLIST_KEY_UIApplicationSupportsIndirectInputEvents[sdk=iphonesimulator*]" = YES;
				"INFOPLIST_KEY_UILaunchScreen_Generation[sdk=iphoneos*]" = YES;
				"INFOPLIST_KEY_UILaunchScreen_Generation[sdk=iphonesimulator*]" = YES;
				"INFOPLIST_KEY_UIStatusBarStyle[sdk=iphoneos*]" = UIStatusBarStyleDefault;
				"INFOPLIST_KEY_UIStatusBarStyle[sdk=iphonesimulator*]" = UIStatusBarStyleDefault;
				INFOPLIST_KEY_UISupportedInterfaceOrientations_iPad = "UIInterfaceOrientationPortrait UIInterfaceOrientationPortraitUpsideDown UIInterfaceOrientationLandscapeLeft UIInterfaceOrientationLandscapeRight";
				INFOPLIST_KEY_UISupportedInterfaceOrientations_iPhone = "UIInterfaceOrientationPortrait UIInterfaceOrientationLandscapeLeft UIInterfaceOrientationLandscapeRight";
				IPHONEOS_DEPLOYMENT_TARGET = 16.4;
				LD_RUNPATH_SEARCH_PATHS = "@executable_path/Frameworks";
				"LD_RUNPATH_SEARCH_PATHS[sdk=macosx*]" = "@executable_path/../Frameworks";
				MACOSX_DEPLOYMENT_TARGET = 13.3;
				MARKETING_VERSION = 1.0;
				PRODUCT_BUNDLE_IDENTIFIER = com.kirtlandross.ResortFeedbackApp;
				PRODUCT_NAME = "$(TARGET_NAME)";
				SDKROOT = auto;
				SUPPORTED_PLATFORMS = "iphoneos iphonesimulator macosx";
				SWIFT_EMIT_LOC_STRINGS = YES;
				SWIFT_VERSION = 5.0;
				TARGETED_DEVICE_FAMILY = "1,2";
			};
			name = Release;
		};
		BC6E38BA29F6EB53004548E8 /* Debug */ = {
			isa = XCBuildConfiguration;
			buildSettings = {
				ALWAYS_EMBED_SWIFT_STANDARD_LIBRARIES = YES;
				BUNDLE_LOADER = "$(TEST_HOST)";
				CODE_SIGN_STYLE = Automatic;
				CURRENT_PROJECT_VERSION = 1;
				DEVELOPMENT_TEAM = RB4NL6J4U2;
				GENERATE_INFOPLIST_FILE = YES;
				IPHONEOS_DEPLOYMENT_TARGET = 16.4;
				MACOSX_DEPLOYMENT_TARGET = 13.3;
				MARKETING_VERSION = 1.0;
				PRODUCT_BUNDLE_IDENTIFIER = com.kirtlandross.ResortFeedbackAppTests;
				PRODUCT_NAME = "$(TARGET_NAME)";
				SDKROOT = auto;
				SUPPORTED_PLATFORMS = "iphoneos iphonesimulator macosx";
				SWIFT_EMIT_LOC_STRINGS = NO;
				SWIFT_VERSION = 5.0;
				TARGETED_DEVICE_FAMILY = "1,2";
				TEST_HOST = "$(BUILT_PRODUCTS_DIR)/ResortFeedbackApp.app/$(BUNDLE_EXECUTABLE_FOLDER_PATH)/ResortFeedbackApp";
			};
			name = Debug;
		};
		BC6E38BB29F6EB53004548E8 /* Release */ = {
			isa = XCBuildConfiguration;
			buildSettings = {
				ALWAYS_EMBED_SWIFT_STANDARD_LIBRARIES = YES;
				BUNDLE_LOADER = "$(TEST_HOST)";
				CODE_SIGN_STYLE = Automatic;
				CURRENT_PROJECT_VERSION = 1;
				DEVELOPMENT_TEAM = RB4NL6J4U2;
				GENERATE_INFOPLIST_FILE = YES;
				IPHONEOS_DEPLOYMENT_TARGET = 16.4;
				MACOSX_DEPLOYMENT_TARGET = 13.3;
				MARKETING_VERSION = 1.0;
				PRODUCT_BUNDLE_IDENTIFIER = com.kirtlandross.ResortFeedbackAppTests;
				PRODUCT_NAME = "$(TARGET_NAME)";
				SDKROOT = auto;
				SUPPORTED_PLATFORMS = "iphoneos iphonesimulator macosx";
				SWIFT_EMIT_LOC_STRINGS = NO;
				SWIFT_VERSION = 5.0;
				TARGETED_DEVICE_FAMILY = "1,2";
				TEST_HOST = "$(BUILT_PRODUCTS_DIR)/ResortFeedbackApp.app/$(BUNDLE_EXECUTABLE_FOLDER_PATH)/ResortFeedbackApp";
			};
			name = Release;
		};
		BC6E38BD29F6EB53004548E8 /* Debug */ = {
			isa = XCBuildConfiguration;
			buildSettings = {
				ALWAYS_EMBED_SWIFT_STANDARD_LIBRARIES = YES;
				CODE_SIGN_STYLE = Automatic;
				CURRENT_PROJECT_VERSION = 1;
				DEVELOPMENT_TEAM = RB4NL6J4U2;
				GENERATE_INFOPLIST_FILE = YES;
				IPHONEOS_DEPLOYMENT_TARGET = 16.4;
				MACOSX_DEPLOYMENT_TARGET = 13.3;
				MARKETING_VERSION = 1.0;
				PRODUCT_BUNDLE_IDENTIFIER = com.kirtlandross.ResortFeedbackAppUITests;
				PRODUCT_NAME = "$(TARGET_NAME)";
				SDKROOT = auto;
				SUPPORTED_PLATFORMS = "iphoneos iphonesimulator macosx";
				SWIFT_EMIT_LOC_STRINGS = NO;
				SWIFT_VERSION = 5.0;
				TARGETED_DEVICE_FAMILY = "1,2";
				TEST_TARGET_NAME = ResortFeedbackApp;
			};
			name = Debug;
		};
		BC6E38BE29F6EB53004548E8 /* Release */ = {
			isa = XCBuildConfiguration;
			buildSettings = {
				ALWAYS_EMBED_SWIFT_STANDARD_LIBRARIES = YES;
				CODE_SIGN_STYLE = Automatic;
				CURRENT_PROJECT_VERSION = 1;
				DEVELOPMENT_TEAM = RB4NL6J4U2;
				GENERATE_INFOPLIST_FILE = YES;
				IPHONEOS_DEPLOYMENT_TARGET = 16.4;
				MACOSX_DEPLOYMENT_TARGET = 13.3;
				MARKETING_VERSION = 1.0;
				PRODUCT_BUNDLE_IDENTIFIER = com.kirtlandross.ResortFeedbackAppUITests;
				PRODUCT_NAME = "$(TARGET_NAME)";
				SDKROOT = auto;
				SUPPORTED_PLATFORMS = "iphoneos iphonesimulator macosx";
				SWIFT_EMIT_LOC_STRINGS = NO;
				SWIFT_VERSION = 5.0;
				TARGETED_DEVICE_FAMILY = "1,2";
				TEST_TARGET_NAME = ResortFeedbackApp;
			};
			name = Release;
		};
/* End XCBuildConfiguration section */

/* Begin XCConfigurationList section */
		BC6E388729F6EB52004548E8 /* Build configuration list for PBXProject "ResortFeedbackApp" */ = {
			isa = XCConfigurationList;
			buildConfigurations = (
				BC6E38B429F6EB53004548E8 /* Debug */,
				BC6E38B529F6EB53004548E8 /* Release */,
			);
			defaultConfigurationIsVisible = 0;
			defaultConfigurationName = Release;
		};
		BC6E38B629F6EB53004548E8 /* Build configuration list for PBXNativeTarget "ResortFeedbackApp" */ = {
			isa = XCConfigurationList;
			buildConfigurations = (
				BC6E38B729F6EB53004548E8 /* Debug */,
				BC6E38B829F6EB53004548E8 /* Release */,
			);
			defaultConfigurationIsVisible = 0;
			defaultConfigurationName = Release;
		};
		BC6E38B929F6EB53004548E8 /* Build configuration list for PBXNativeTarget "ResortFeedbackAppTests" */ = {
			isa = XCConfigurationList;
			buildConfigurations = (
				BC6E38BA29F6EB53004548E8 /* Debug */,
				BC6E38BB29F6EB53004548E8 /* Release */,
			);
			defaultConfigurationIsVisible = 0;
			defaultConfigurationName = Release;
		};
		BC6E38BC29F6EB53004548E8 /* Build configuration list for PBXNativeTarget "ResortFeedbackAppUITests" */ = {
			isa = XCConfigurationList;
			buildConfigurations = (
				BC6E38BD29F6EB53004548E8 /* Debug */,
				BC6E38BE29F6EB53004548E8 /* Release */,
			);
			defaultConfigurationIsVisible = 0;
			defaultConfigurationName = Release;
		};
/* End XCConfigurationList section */

/* Begin XCRemoteSwiftPackageReference section */
		BC6E38C429F6EFA8004548E8 /* XCRemoteSwiftPackageReference "ObjectMapper" */ = {
			isa = XCRemoteSwiftPackageReference;
			repositoryURL = "https://github.com/tristanhimmelman/ObjectMapper.git";
			requirement = {
				kind = upToNextMajorVersion;
				minimumVersion = 4.0.0;
			};
		};
		BC6E38CF29F6F4DF004548E8 /* XCRemoteSwiftPackageReference "aws-mobile-appsync-sdk-ios" */ = {
			isa = XCRemoteSwiftPackageReference;
			repositoryURL = "https://github.com/awslabs/aws-mobile-appsync-sdk-ios.git";
			requirement = {
				kind = upToNextMajorVersion;
				minimumVersion = 3.0.0;
			};
		};
/* End XCRemoteSwiftPackageReference section */

/* Begin XCSwiftPackageProductDependency section */
		BC6E38C529F6EFA8004548E8 /* ObjectMapper */ = {
			isa = XCSwiftPackageProductDependency;
			package = BC6E38C429F6EFA8004548E8 /* XCRemoteSwiftPackageReference "ObjectMapper" */;
			productName = ObjectMapper;
		};
		BC6E38D029F6F4DF004548E8 /* AWSAppSync */ = {
			isa = XCSwiftPackageProductDependency;
			package = BC6E38CF29F6F4DF004548E8 /* XCRemoteSwiftPackageReference "aws-mobile-appsync-sdk-ios" */;
			productName = AWSAppSync;
		};
/* End XCSwiftPackageProductDependency section */

/* Begin XCVersionGroup section */
		BC6E389329F6EB52004548E8 /* ResortFeedbackApp.xcdatamodeld */ = {
			isa = XCVersionGroup;
			children = (
				BC6E389429F6EB52004548E8 /* ResortFeedbackApp.xcdatamodel */,
			);
			currentVersion = BC6E389429F6EB52004548E8 /* ResortFeedbackApp.xcdatamodel */;
			path = ResortFeedbackApp.xcdatamodeld;
			sourceTree = "<group>";
			versionGroupType = wrapper.xcdatamodel;
		};
/* End XCVersionGroup section */
	};
	rootObject = BC6E388429F6EB52004548E8 /* Project object */;
}
